PODS:
  - Masonry (1.1.0)
  - ReactiveObjC (3.1.1)
  - SDWebImage (5.14.2):
    - SDWebImage/Core (= 5.14.2)
  - SDWebImage/Core (5.14.2)
  - TUIChat (6.8.3374):
    - TUIChat/Cell (= 6.8.3374)
    - TUIChat/Common (= 6.8.3374)
    - TUIChat/DataProvider (= 6.8.3374)
    - TUIChat/Header (= 6.8.3374)
    - TUIChat/Service (= 6.8.3374)
    - TUIChat/UI (= 6.8.3374)
    - TUIChat/VoiceConvert (= 6.8.3374)
    - TUICore (= 6.8.3374)
  - TUIChat/Cell (6.8.3374):
    - TUIChat/Cell/CellData (= 6.8.3374)
    - TUIChat/Cell/CellUI (= 6.8.3374)
    - TUICore (= 6.8.3374)
  - TUIChat/Cell/CellData (6.8.3374):
    - TUIChat/Cell/CellData/Base (= 6.8.3374)
    - TUIChat/Cell/CellData/Chat (= 6.8.3374)
    - TUIChat/Cell/CellData/Custom (= 6.8.3374)
    - TUIChat/Cell/CellData/Reply (= 6.8.3374)
    - TUICore (= 6.8.3374)
  - TUIChat/Cell/CellData/Base (6.8.3374):
    - TUIChat/Common
    - TUIChat/VoiceConvert
    - TUICore (= 6.8.3374)
  - TUIChat/Cell/CellData/Chat (6.8.3374):
    - TUIChat/Cell/CellData/Base
    - TUICore (= 6.8.3374)
  - TUIChat/Cell/CellData/Custom (6.8.3374):
    - TUIChat/Cell/CellData/Chat
    - TUICore (= 6.8.3374)
  - TUIChat/Cell/CellData/Reply (6.8.3374):
    - TUIChat/Cell/CellData/Chat
    - TUICore (= 6.8.3374)
  - TUIChat/Cell/CellUI (6.8.3374):
    - TUIChat/Cell/CellUI/Base (= 6.8.3374)
    - TUIChat/Cell/CellUI/Chat (= 6.8.3374)
    - TUIChat/Cell/CellUI/Custom (= 6.8.3374)
    - TUIChat/Cell/CellUI/Reply (= 6.8.3374)
    - TUICore (= 6.8.3374)
  - TUIChat/Cell/CellUI/Base (6.8.3374):
    - TUIChat/Cell/CellData
    - TUICore (= 6.8.3374)
  - TUIChat/Cell/CellUI/Chat (6.8.3374):
    - TUIChat/Cell/CellUI/Base
    - TUICore (= 6.8.3374)
  - TUIChat/Cell/CellUI/Custom (6.8.3374):
    - TUIChat/Cell/CellUI/Chat
    - TUICore (= 6.8.3374)
  - TUIChat/Cell/CellUI/Reply (6.8.3374):
    - TUIChat/Cell/CellUI/Chat
    - TUICore (= 6.8.3374)
  - TUIChat/Common (6.8.3374):
    - TUICore (= 6.8.3374)
  - TUIChat/DataProvider (6.8.3374):
    - TUIChat/Cell
    - TUICore (= 6.8.3374)
  - TUIChat/Header (6.8.3374):
    - TUICore (= 6.8.3374)
  - TUIChat/Service (6.8.3374):
    - TUIChat/UI
    - TUICore (= 6.8.3374)
  - TUIChat/UI (6.8.3374):
    - TUIChat/UI/Base (= 6.8.3374)
    - TUIChat/UI/Chat (= 6.8.3374)
    - TUIChat/UI/Forward (= 6.8.3374)
    - TUIChat/UI/Input (= 6.8.3374)
    - TUIChat/UI/Pendency (= 6.8.3374)
    - TUICore (= 6.8.3374)
  - TUIChat/UI/Base (6.8.3374):
    - TUIChat/UI/Base/Camera (= 6.8.3374)
    - TUIChat/UI/Base/Media (= 6.8.3374)
    - TUIChat/UI/Base/Pop (= 6.8.3374)
    - TUICore (= 6.8.3374)
  - TUIChat/UI/Base/Camera (6.8.3374):
    - TUIChat/DataProvider
    - TUICore (= 6.8.3374)
  - TUIChat/UI/Base/Media (6.8.3374):
    - TUIChat/UI/Base/Camera
    - TUICore (= 6.8.3374)
  - TUIChat/UI/Base/Pop (6.8.3374):
    - TUIChat/DataProvider
    - TUICore (= 6.8.3374)
  - TUIChat/UI/Chat (6.8.3374):
    - TUIChat/UI/Forward
    - TUIChat/UI/Input
    - TUIChat/UI/Pendency
    - TUICore (= 6.8.3374)
  - TUIChat/UI/Forward (6.8.3374):
    - TUIChat/UI/Base
    - TUIChat/UI/Input
    - TUICore (= 6.8.3374)
  - TUIChat/UI/Input (6.8.3374):
    - TUIChat/UI/Base
    - TUICore (= 6.8.3374)
  - TUIChat/UI/Pendency (6.8.3374):
    - TUIChat/UI/Base
    - TUICore (= 6.8.3374)
  - TUIChat/VoiceConvert (6.8.3374):
    - TUICore (= 6.8.3374)
  - TUICore (6.8.3374):
    - ReactiveObjC
    - SDWebImage
    - TUICore/ImSDK_Plus (= 6.8.3374)
  - TUICore/Base (6.8.3374):
    - ReactiveObjC
    - SDWebImage
  - TUICore/ImSDK_Plus (6.8.3374):
    - ReactiveObjC
    - SDWebImage
    - TUICore/Base
    - TXIMSDK_Plus_iOS (= 6.8.3374)
  - TXIMSDK_Plus_iOS (6.8.3374)
  - YCIMModule (0.1.0):
    - YCIMModule/Core (= 0.1.0)
  - YCIMModule/Core (0.1.0):
    - Masonry (~> 1.1.0)
    - TUIChat (~> 6.8.3374)

DEPENDENCIES:
  - Masonry (~> 1.1.0)
  - YCIMModule (from `../`)

SPEC REPOS:
  trunk:
    - Masonry
    - ReactiveObjC
    - SDWebImage
    - TUIChat
    - TUICore
    - TXIMSDK_Plus_iOS

EXTERNAL SOURCES:
  YCIMModule:
    :path: "../"

SPEC CHECKSUMS:
  Masonry: 678fab65091a9290e40e2832a55e7ab731aad201
  ReactiveObjC: 011caa393aa0383245f2dcf9bf02e86b80b36040
  SDWebImage: b9a731e1d6307f44ca703b3976d18c24ca561e84
  TUIChat: 4aee85ba2c24dcd1d6496b03d408f02489e2d9c4
  TUICore: 6bda7c8642129b3cbd20d8b7053b332fd57c617e
  TXIMSDK_Plus_iOS: f04fb957e7019f895131b05d37bc555328f5e239
  YCIMModule: 16abef92d701107d167c11f1e4e8d15ea624bda4

PODFILE CHECKSUM: 0e454d5f2328aec868062b19ea6675582ff816a0

COCOAPODS: 1.11.3
