// !$*UTF8*$!
{
	archiveVersion = 1;
	classes = {
	};
	objectVersion = 46;
	objects = {

/* Begin PBXBuildFile section */
		18457C5E292E026100C34991 /* YCIMHomeViewController.m in Sources */ = {isa = PBXBuildFile; fileRef = 18457C2F292E026000C34991 /* YCIMHomeViewController.m */; };
		18457C60292E026100C34991 /* YCTabbarController.m in Sources */ = {isa = PBXBuildFile; fileRef = 18457C34292E026000C34991 /* YCTabbarController.m */; };
		18457C61292E026100C34991 /* YCContactViewController.m in Sources */ = {isa = PBXBuildFile; fileRef = 18457C36292E026000C34991 /* YCContactViewController.m */; };
		18457C62292E026100C34991 /* YIMPopMenuView.m in Sources */ = {isa = PBXBuildFile; fileRef = 18457C3A292E026100C34991 /* YIMPopMenuView.m */; };
		18457C63292E026100C34991 /* YIMPopCell.m in Sources */ = {isa = PBXBuildFile; fileRef = 18457C3B292E026100C34991 /* YIMPopCell.m */; };
		18457C64292E026100C34991 /* YIMManager.m in Sources */ = {isa = PBXBuildFile; fileRef = 18457C40292E026100C34991 /* YIMManager.m */; };
		18457C65292E026100C34991 /* UIButton+YIM.m in Sources */ = {isa = PBXBuildFile; fileRef = 18457C43292E026100C34991 /* UIButton+YIM.m */; };
		18457C66292E026100C34991 /* YIMImage.m in Sources */ = {isa = PBXBuildFile; fileRef = 18457C45292E026100C34991 /* YIMImage.m */; };
		18457C67292E026100C34991 /* YIMNavigationController.m in Sources */ = {isa = PBXBuildFile; fileRef = 18457C49292E026100C34991 /* YIMNavigationController.m */; };
		18457C68292E026100C34991 /* YIMBaseViewController.m in Sources */ = {isa = PBXBuildFile; fileRef = 18457C4A292E026100C34991 /* YIMBaseViewController.m */; };
		18457C69292E026100C34991 /* YIMConversationListController.m in Sources */ = {isa = PBXBuildFile; fileRef = 18457C4C292E026100C34991 /* YIMConversationListController.m */; };
		18457C6A292E026100C34991 /* YIMConversationFoldListViewController.m in Sources */ = {isa = PBXBuildFile; fileRef = 18457C4D292E026100C34991 /* YIMConversationFoldListViewController.m */; };
		18457C6B292E026100C34991 /* YCMessageViewController.m in Sources */ = {isa = PBXBuildFile; fileRef = 18457C4E292E026100C34991 /* YCMessageViewController.m */; };
		18457C6C292E026100C34991 /* YCFriendDynamicsViewController.m in Sources */ = {isa = PBXBuildFile; fileRef = 18457C53292E026100C34991 /* YCFriendDynamicsViewController.m */; };
		18457C6D292E026100C34991 /* TUIChatCustomTheme.bundle in Resources */ = {isa = PBXBuildFile; fileRef = 18457C56292E026100C34991 /* TUIChatCustomTheme.bundle */; };
		18457C6E292E026100C34991 /* TUIConversationCustomTheme.bundle in Resources */ = {isa = PBXBuildFile; fileRef = 18457C57292E026100C34991 /* TUIConversationCustomTheme.bundle */; };
		18457C6F292E026100C34991 /* TUICoreCustomTheme.bundle in Resources */ = {isa = PBXBuildFile; fileRef = 18457C58292E026100C34991 /* TUICoreCustomTheme.bundle */; };
		18457C70292E026100C34991 /* TUIDemo.bundle in Resources */ = {isa = PBXBuildFile; fileRef = 18457C59292E026100C34991 /* TUIDemo.bundle */; };
		18457C71292E026100C34991 /* TUIDemoTheme.bundle in Resources */ = {isa = PBXBuildFile; fileRef = 18457C5A292E026100C34991 /* TUIDemoTheme.bundle */; };
		18457C72292E026100C34991 /* YCLoginViewController.m in Sources */ = {isa = PBXBuildFile; fileRef = 18457C5C292E026100C34991 /* YCLoginViewController.m */; };
		189113922934B66F008B4D7F /* YCServiceNotifacationViewController.m in Sources */ = {isa = PBXBuildFile; fileRef = 189113912934B66F008B4D7F /* YCServiceNotifacationViewController.m */; };
		189113972934B98D008B4D7F /* YCCreateShareLocationViewController.m in Sources */ = {isa = PBXBuildFile; fileRef = 189113962934B98D008B4D7F /* YCCreateShareLocationViewController.m */; };
		1891139A2934E09C008B4D7F /* YCTemporaryConversationViewController.m in Sources */ = {isa = PBXBuildFile; fileRef = 189113992934E09C008B4D7F /* YCTemporaryConversationViewController.m */; };
		18C49846292F00FA00574E1B /* YIMContactController.m in Sources */ = {isa = PBXBuildFile; fileRef = 18C49845292F00FA00574E1B /* YIMContactController.m */; };
		18F9EAEF2930BF9300BF43FC /* TUIContactCustomTheme.bundle in Resources */ = {isa = PBXBuildFile; fileRef = 18F9EAEE2930BF9300BF43FC /* TUIContactCustomTheme.bundle */; };
		39180815620D7B24ADDC7E08 /* Pods_YCIMModule_Tests.framework in Frameworks */ = {isa = PBXBuildFile; fileRef = D4E6AF0FA224F91138D3827D /* Pods_YCIMModule_Tests.framework */; };
		3E0109E638764E67CA60AD94 /* Pods_YCIMModule_Example.framework in Frameworks */ = {isa = PBXBuildFile; fileRef = A24B4681AD8EACF4B32A77B0 /* Pods_YCIMModule_Example.framework */; };
		6003F58E195388D20070C39A /* Foundation.framework in Frameworks */ = {isa = PBXBuildFile; fileRef = 6003F58D195388D20070C39A /* Foundation.framework */; };
		6003F590195388D20070C39A /* CoreGraphics.framework in Frameworks */ = {isa = PBXBuildFile; fileRef = 6003F58F195388D20070C39A /* CoreGraphics.framework */; };
		6003F592195388D20070C39A /* UIKit.framework in Frameworks */ = {isa = PBXBuildFile; fileRef = 6003F591195388D20070C39A /* UIKit.framework */; };
		6003F598195388D20070C39A /* InfoPlist.strings in Resources */ = {isa = PBXBuildFile; fileRef = 6003F596195388D20070C39A /* InfoPlist.strings */; };
		6003F59A195388D20070C39A /* main.m in Sources */ = {isa = PBXBuildFile; fileRef = 6003F599195388D20070C39A /* main.m */; };
		6003F59E195388D20070C39A /* YCAppDelegate.m in Sources */ = {isa = PBXBuildFile; fileRef = 6003F59D195388D20070C39A /* YCAppDelegate.m */; };
		6003F5A9195388D20070C39A /* Images.xcassets in Resources */ = {isa = PBXBuildFile; fileRef = 6003F5A8195388D20070C39A /* Images.xcassets */; };
		6003F5B0195388D20070C39A /* XCTest.framework in Frameworks */ = {isa = PBXBuildFile; fileRef = 6003F5AF195388D20070C39A /* XCTest.framework */; };
		6003F5B1195388D20070C39A /* Foundation.framework in Frameworks */ = {isa = PBXBuildFile; fileRef = 6003F58D195388D20070C39A /* Foundation.framework */; };
		6003F5B2195388D20070C39A /* UIKit.framework in Frameworks */ = {isa = PBXBuildFile; fileRef = 6003F591195388D20070C39A /* UIKit.framework */; };
		6003F5BA195388D20070C39A /* InfoPlist.strings in Resources */ = {isa = PBXBuildFile; fileRef = 6003F5B8195388D20070C39A /* InfoPlist.strings */; };
		6003F5BC195388D20070C39A /* Tests.m in Sources */ = {isa = PBXBuildFile; fileRef = 6003F5BB195388D20070C39A /* Tests.m */; };
		71719F9F1E33DC2100824A3D /* LaunchScreen.storyboard in Resources */ = {isa = PBXBuildFile; fileRef = 71719F9D1E33DC2100824A3D /* LaunchScreen.storyboard */; };
/* End PBXBuildFile section */

/* Begin PBXContainerItemProxy section */
		6003F5B3195388D20070C39A /* PBXContainerItemProxy */ = {
			isa = PBXContainerItemProxy;
			containerPortal = 6003F582195388D10070C39A /* Project object */;
			proxyType = 1;
			remoteGlobalIDString = 6003F589195388D20070C39A;
			remoteInfo = YCIMModule;
		};
/* End PBXContainerItemProxy section */

/* Begin PBXFileReference section */
		0BEF27B23A0B4CA0340E2398 /* LICENSE */ = {isa = PBXFileReference; includeInIndex = 1; lastKnownFileType = text; name = LICENSE; path = ../LICENSE; sourceTree = "<group>"; };
		11DF042EB01A993A9333AD2E /* README.md */ = {isa = PBXFileReference; includeInIndex = 1; lastKnownFileType = net.daringfireball.markdown; name = README.md; path = ../README.md; sourceTree = "<group>"; };
		18457C2E292E026000C34991 /* YCIMHomeViewController.h */ = {isa = PBXFileReference; fileEncoding = 4; lastKnownFileType = sourcecode.c.h; path = YCIMHomeViewController.h; sourceTree = "<group>"; };
		18457C2F292E026000C34991 /* YCIMHomeViewController.m */ = {isa = PBXFileReference; fileEncoding = 4; lastKnownFileType = sourcecode.c.objc; path = YCIMHomeViewController.m; sourceTree = "<group>"; };
		18457C33292E026000C34991 /* YCTabbarController.h */ = {isa = PBXFileReference; fileEncoding = 4; lastKnownFileType = sourcecode.c.h; path = YCTabbarController.h; sourceTree = "<group>"; };
		18457C34292E026000C34991 /* YCTabbarController.m */ = {isa = PBXFileReference; fileEncoding = 4; lastKnownFileType = sourcecode.c.objc; path = YCTabbarController.m; sourceTree = "<group>"; };
		18457C36292E026000C34991 /* YCContactViewController.m */ = {isa = PBXFileReference; fileEncoding = 4; lastKnownFileType = sourcecode.c.objc; path = YCContactViewController.m; sourceTree = "<group>"; };
		18457C37292E026000C34991 /* YCContactViewController.h */ = {isa = PBXFileReference; fileEncoding = 4; lastKnownFileType = sourcecode.c.h; path = YCContactViewController.h; sourceTree = "<group>"; };
		18457C3A292E026100C34991 /* YIMPopMenuView.m */ = {isa = PBXFileReference; fileEncoding = 4; lastKnownFileType = sourcecode.c.objc; path = YIMPopMenuView.m; sourceTree = "<group>"; };
		18457C3B292E026100C34991 /* YIMPopCell.m */ = {isa = PBXFileReference; fileEncoding = 4; lastKnownFileType = sourcecode.c.objc; path = YIMPopCell.m; sourceTree = "<group>"; };
		18457C3C292E026100C34991 /* YIMPopMenuView.h */ = {isa = PBXFileReference; fileEncoding = 4; lastKnownFileType = sourcecode.c.h; path = YIMPopMenuView.h; sourceTree = "<group>"; };
		18457C3D292E026100C34991 /* YIMPopCell.h */ = {isa = PBXFileReference; fileEncoding = 4; lastKnownFileType = sourcecode.c.h; path = YIMPopCell.h; sourceTree = "<group>"; };
		18457C3F292E026100C34991 /* YIMManager.h */ = {isa = PBXFileReference; fileEncoding = 4; lastKnownFileType = sourcecode.c.h; path = YIMManager.h; sourceTree = "<group>"; };
		18457C40292E026100C34991 /* YIMManager.m */ = {isa = PBXFileReference; fileEncoding = 4; lastKnownFileType = sourcecode.c.objc; path = YIMManager.m; sourceTree = "<group>"; };
		18457C42292E026100C34991 /* UIButton+YIM.h */ = {isa = PBXFileReference; fileEncoding = 4; lastKnownFileType = sourcecode.c.h; path = "UIButton+YIM.h"; sourceTree = "<group>"; };
		18457C43292E026100C34991 /* UIButton+YIM.m */ = {isa = PBXFileReference; fileEncoding = 4; lastKnownFileType = sourcecode.c.objc; path = "UIButton+YIM.m"; sourceTree = "<group>"; };
		18457C44292E026100C34991 /* YIMImage.h */ = {isa = PBXFileReference; fileEncoding = 4; lastKnownFileType = sourcecode.c.h; path = YIMImage.h; sourceTree = "<group>"; };
		18457C45292E026100C34991 /* YIMImage.m */ = {isa = PBXFileReference; fileEncoding = 4; lastKnownFileType = sourcecode.c.objc; path = YIMImage.m; sourceTree = "<group>"; };
		18457C47292E026100C34991 /* YIMBaseViewController.h */ = {isa = PBXFileReference; fileEncoding = 4; lastKnownFileType = sourcecode.c.h; path = YIMBaseViewController.h; sourceTree = "<group>"; };
		18457C48292E026100C34991 /* YIMNavigationController.h */ = {isa = PBXFileReference; fileEncoding = 4; lastKnownFileType = sourcecode.c.h; path = YIMNavigationController.h; sourceTree = "<group>"; };
		18457C49292E026100C34991 /* YIMNavigationController.m */ = {isa = PBXFileReference; fileEncoding = 4; lastKnownFileType = sourcecode.c.objc; path = YIMNavigationController.m; sourceTree = "<group>"; };
		18457C4A292E026100C34991 /* YIMBaseViewController.m */ = {isa = PBXFileReference; fileEncoding = 4; lastKnownFileType = sourcecode.c.objc; path = YIMBaseViewController.m; sourceTree = "<group>"; };
		18457C4C292E026100C34991 /* YIMConversationListController.m */ = {isa = PBXFileReference; fileEncoding = 4; lastKnownFileType = sourcecode.c.objc; path = YIMConversationListController.m; sourceTree = "<group>"; };
		18457C4D292E026100C34991 /* YIMConversationFoldListViewController.m */ = {isa = PBXFileReference; fileEncoding = 4; lastKnownFileType = sourcecode.c.objc; path = YIMConversationFoldListViewController.m; sourceTree = "<group>"; };
		18457C4E292E026100C34991 /* YCMessageViewController.m */ = {isa = PBXFileReference; fileEncoding = 4; lastKnownFileType = sourcecode.c.objc; path = YCMessageViewController.m; sourceTree = "<group>"; };
		18457C4F292E026100C34991 /* YIMConversationListController.h */ = {isa = PBXFileReference; fileEncoding = 4; lastKnownFileType = sourcecode.c.h; path = YIMConversationListController.h; sourceTree = "<group>"; };
		18457C50292E026100C34991 /* YCMessageViewController.h */ = {isa = PBXFileReference; fileEncoding = 4; lastKnownFileType = sourcecode.c.h; path = YCMessageViewController.h; sourceTree = "<group>"; };
		18457C51292E026100C34991 /* YIMConversationFoldListViewController.h */ = {isa = PBXFileReference; fileEncoding = 4; lastKnownFileType = sourcecode.c.h; path = YIMConversationFoldListViewController.h; sourceTree = "<group>"; };
		18457C53292E026100C34991 /* YCFriendDynamicsViewController.m */ = {isa = PBXFileReference; fileEncoding = 4; lastKnownFileType = sourcecode.c.objc; path = YCFriendDynamicsViewController.m; sourceTree = "<group>"; };
		18457C54292E026100C34991 /* YCFriendDynamicsViewController.h */ = {isa = PBXFileReference; fileEncoding = 4; lastKnownFileType = sourcecode.c.h; path = YCFriendDynamicsViewController.h; sourceTree = "<group>"; };
		18457C56292E026100C34991 /* TUIChatCustomTheme.bundle */ = {isa = PBXFileReference; lastKnownFileType = "wrapper.plug-in"; path = TUIChatCustomTheme.bundle; sourceTree = "<group>"; };
		18457C57292E026100C34991 /* TUIConversationCustomTheme.bundle */ = {isa = PBXFileReference; lastKnownFileType = "wrapper.plug-in"; path = TUIConversationCustomTheme.bundle; sourceTree = "<group>"; };
		18457C58292E026100C34991 /* TUICoreCustomTheme.bundle */ = {isa = PBXFileReference; lastKnownFileType = "wrapper.plug-in"; path = TUICoreCustomTheme.bundle; sourceTree = "<group>"; };
		18457C59292E026100C34991 /* TUIDemo.bundle */ = {isa = PBXFileReference; lastKnownFileType = "wrapper.plug-in"; path = TUIDemo.bundle; sourceTree = "<group>"; };
		18457C5A292E026100C34991 /* TUIDemoTheme.bundle */ = {isa = PBXFileReference; lastKnownFileType = "wrapper.plug-in"; path = TUIDemoTheme.bundle; sourceTree = "<group>"; };
		18457C5C292E026100C34991 /* YCLoginViewController.m */ = {isa = PBXFileReference; fileEncoding = 4; lastKnownFileType = sourcecode.c.objc; path = YCLoginViewController.m; sourceTree = "<group>"; };
		18457C5D292E026100C34991 /* YCLoginViewController.h */ = {isa = PBXFileReference; fileEncoding = 4; lastKnownFileType = sourcecode.c.h; path = YCLoginViewController.h; sourceTree = "<group>"; };
		18457C73292E044800C34991 /* YCIMModule_Example.entitlements */ = {isa = PBXFileReference; lastKnownFileType = text.plist.entitlements; path = YCIMModule_Example.entitlements; sourceTree = "<group>"; };
		189113902934B66F008B4D7F /* YCServiceNotifacationViewController.h */ = {isa = PBXFileReference; lastKnownFileType = sourcecode.c.h; path = YCServiceNotifacationViewController.h; sourceTree = "<group>"; };
		189113912934B66F008B4D7F /* YCServiceNotifacationViewController.m */ = {isa = PBXFileReference; lastKnownFileType = sourcecode.c.objc; path = YCServiceNotifacationViewController.m; sourceTree = "<group>"; };
		189113952934B98D008B4D7F /* YCCreateShareLocationViewController.h */ = {isa = PBXFileReference; lastKnownFileType = sourcecode.c.h; path = YCCreateShareLocationViewController.h; sourceTree = "<group>"; };
		189113962934B98D008B4D7F /* YCCreateShareLocationViewController.m */ = {isa = PBXFileReference; lastKnownFileType = sourcecode.c.objc; path = YCCreateShareLocationViewController.m; sourceTree = "<group>"; };
		189113982934E09C008B4D7F /* YCTemporaryConversationViewController.h */ = {isa = PBXFileReference; lastKnownFileType = sourcecode.c.h; path = YCTemporaryConversationViewController.h; sourceTree = "<group>"; };
		189113992934E09C008B4D7F /* YCTemporaryConversationViewController.m */ = {isa = PBXFileReference; lastKnownFileType = sourcecode.c.objc; path = YCTemporaryConversationViewController.m; sourceTree = "<group>"; };
		18C49844292F00FA00574E1B /* YIMContactController.h */ = {isa = PBXFileReference; lastKnownFileType = sourcecode.c.h; path = YIMContactController.h; sourceTree = "<group>"; };
		18C49845292F00FA00574E1B /* YIMContactController.m */ = {isa = PBXFileReference; lastKnownFileType = sourcecode.c.objc; path = YIMContactController.m; sourceTree = "<group>"; };
		18F9EAEE2930BF9300BF43FC /* TUIContactCustomTheme.bundle */ = {isa = PBXFileReference; lastKnownFileType = "wrapper.plug-in"; path = TUIContactCustomTheme.bundle; sourceTree = "<group>"; };
		372E9D467C0B246A9C31135D /* Pods-YCIMModule_Example.debug.xcconfig */ = {isa = PBXFileReference; includeInIndex = 1; lastKnownFileType = text.xcconfig; name = "Pods-YCIMModule_Example.debug.xcconfig"; path = "Target Support Files/Pods-YCIMModule_Example/Pods-YCIMModule_Example.debug.xcconfig"; sourceTree = "<group>"; };
		5EBEFEB10143A18532EDDAEE /* Pods-YCIMModule_Tests.debug.xcconfig */ = {isa = PBXFileReference; includeInIndex = 1; lastKnownFileType = text.xcconfig; name = "Pods-YCIMModule_Tests.debug.xcconfig"; path = "Target Support Files/Pods-YCIMModule_Tests/Pods-YCIMModule_Tests.debug.xcconfig"; sourceTree = "<group>"; };
		6003F58A195388D20070C39A /* YCIMModule_Example.app */ = {isa = PBXFileReference; explicitFileType = wrapper.application; includeInIndex = 0; path = YCIMModule_Example.app; sourceTree = BUILT_PRODUCTS_DIR; };
		6003F58D195388D20070C39A /* Foundation.framework */ = {isa = PBXFileReference; lastKnownFileType = wrapper.framework; name = Foundation.framework; path = System/Library/Frameworks/Foundation.framework; sourceTree = SDKROOT; };
		6003F58F195388D20070C39A /* CoreGraphics.framework */ = {isa = PBXFileReference; lastKnownFileType = wrapper.framework; name = CoreGraphics.framework; path = System/Library/Frameworks/CoreGraphics.framework; sourceTree = SDKROOT; };
		6003F591195388D20070C39A /* UIKit.framework */ = {isa = PBXFileReference; lastKnownFileType = wrapper.framework; name = UIKit.framework; path = System/Library/Frameworks/UIKit.framework; sourceTree = SDKROOT; };
		6003F595195388D20070C39A /* YCIMModule-Info.plist */ = {isa = PBXFileReference; lastKnownFileType = text.plist.xml; path = "YCIMModule-Info.plist"; sourceTree = "<group>"; };
		6003F597195388D20070C39A /* en */ = {isa = PBXFileReference; lastKnownFileType = text.plist.strings; name = en; path = en.lproj/InfoPlist.strings; sourceTree = "<group>"; };
		6003F599195388D20070C39A /* main.m */ = {isa = PBXFileReference; lastKnownFileType = sourcecode.c.objc; path = main.m; sourceTree = "<group>"; };
		6003F59B195388D20070C39A /* YCIMModule-Prefix.pch */ = {isa = PBXFileReference; lastKnownFileType = sourcecode.c.h; path = "YCIMModule-Prefix.pch"; sourceTree = "<group>"; };
		6003F59C195388D20070C39A /* YCAppDelegate.h */ = {isa = PBXFileReference; lastKnownFileType = sourcecode.c.h; path = YCAppDelegate.h; sourceTree = "<group>"; };
		6003F59D195388D20070C39A /* YCAppDelegate.m */ = {isa = PBXFileReference; lastKnownFileType = sourcecode.c.objc; path = YCAppDelegate.m; sourceTree = "<group>"; };
		6003F5A8195388D20070C39A /* Images.xcassets */ = {isa = PBXFileReference; lastKnownFileType = folder.assetcatalog; path = Images.xcassets; sourceTree = "<group>"; };
		6003F5AE195388D20070C39A /* YCIMModule_Tests.xctest */ = {isa = PBXFileReference; explicitFileType = wrapper.cfbundle; includeInIndex = 0; path = YCIMModule_Tests.xctest; sourceTree = BUILT_PRODUCTS_DIR; };
		6003F5AF195388D20070C39A /* XCTest.framework */ = {isa = PBXFileReference; lastKnownFileType = wrapper.framework; name = XCTest.framework; path = Library/Frameworks/XCTest.framework; sourceTree = DEVELOPER_DIR; };
		6003F5B7195388D20070C39A /* Tests-Info.plist */ = {isa = PBXFileReference; lastKnownFileType = text.plist.xml; path = "Tests-Info.plist"; sourceTree = "<group>"; };
		6003F5B9195388D20070C39A /* en */ = {isa = PBXFileReference; lastKnownFileType = text.plist.strings; name = en; path = en.lproj/InfoPlist.strings; sourceTree = "<group>"; };
		6003F5BB195388D20070C39A /* Tests.m */ = {isa = PBXFileReference; lastKnownFileType = sourcecode.c.objc; path = Tests.m; sourceTree = "<group>"; };
		606FC2411953D9B200FFA9A0 /* Tests-Prefix.pch */ = {isa = PBXFileReference; lastKnownFileType = sourcecode.c.h; path = "Tests-Prefix.pch"; sourceTree = "<group>"; };
		71719F9E1E33DC2100824A3D /* Base */ = {isa = PBXFileReference; lastKnownFileType = file.storyboard; name = Base; path = Base.lproj/LaunchScreen.storyboard; sourceTree = "<group>"; };
		765A89ADDB61DB9734B29AE2 /* YCIMModule.podspec */ = {isa = PBXFileReference; includeInIndex = 1; lastKnownFileType = text; name = YCIMModule.podspec; path = ../YCIMModule.podspec; sourceTree = "<group>"; };
		996C753C824EB05855EDDFC5 /* Pods-YCIMModule_Tests.release.xcconfig */ = {isa = PBXFileReference; includeInIndex = 1; lastKnownFileType = text.xcconfig; name = "Pods-YCIMModule_Tests.release.xcconfig"; path = "Target Support Files/Pods-YCIMModule_Tests/Pods-YCIMModule_Tests.release.xcconfig"; sourceTree = "<group>"; };
		A24B4681AD8EACF4B32A77B0 /* Pods_YCIMModule_Example.framework */ = {isa = PBXFileReference; explicitFileType = wrapper.framework; includeInIndex = 0; path = Pods_YCIMModule_Example.framework; sourceTree = BUILT_PRODUCTS_DIR; };
		C4A281E2E4EE70BFE30A5C68 /* Pods-YCIMModule_Example.release.xcconfig */ = {isa = PBXFileReference; includeInIndex = 1; lastKnownFileType = text.xcconfig; name = "Pods-YCIMModule_Example.release.xcconfig"; path = "Target Support Files/Pods-YCIMModule_Example/Pods-YCIMModule_Example.release.xcconfig"; sourceTree = "<group>"; };
		D4E6AF0FA224F91138D3827D /* Pods_YCIMModule_Tests.framework */ = {isa = PBXFileReference; explicitFileType = wrapper.framework; includeInIndex = 0; path = Pods_YCIMModule_Tests.framework; sourceTree = BUILT_PRODUCTS_DIR; };
/* End PBXFileReference section */

/* Begin PBXFrameworksBuildPhase section */
		6003F587195388D20070C39A /* Frameworks */ = {
			isa = PBXFrameworksBuildPhase;
			buildActionMask = 2147483647;
			files = (
				6003F590195388D20070C39A /* CoreGraphics.framework in Frameworks */,
				6003F592195388D20070C39A /* UIKit.framework in Frameworks */,
				6003F58E195388D20070C39A /* Foundation.framework in Frameworks */,
				3E0109E638764E67CA60AD94 /* Pods_YCIMModule_Example.framework in Frameworks */,
			);
			runOnlyForDeploymentPostprocessing = 0;
		};
		6003F5AB195388D20070C39A /* Frameworks */ = {
			isa = PBXFrameworksBuildPhase;
			buildActionMask = 2147483647;
			files = (
				6003F5B0195388D20070C39A /* XCTest.framework in Frameworks */,
				6003F5B2195388D20070C39A /* UIKit.framework in Frameworks */,
				6003F5B1195388D20070C39A /* Foundation.framework in Frameworks */,
				39180815620D7B24ADDC7E08 /* Pods_YCIMModule_Tests.framework in Frameworks */,
			);
			runOnlyForDeploymentPostprocessing = 0;
		};
/* End PBXFrameworksBuildPhase section */

/* Begin PBXGroup section */
		18457C2C292E026000C34991 /* OneCar */ = {
			isa = PBXGroup;
			children = (
				189113932934B962008B4D7F /* Controller */,
				189113892934A311008B4D7F /* Base */,
				189113872934A22B008B4D7F /* Chat */,
				18457C35292E026000C34991 /* Contact */,
				18457C52292E026100C34991 /* FriendDynamics */,
				18457C5B292E026100C34991 /* Login */,
				18457C4B292E026100C34991 /* Message */,
			);
			path = OneCar;
			sourceTree = "<group>";
		};
		18457C2D292E026000C34991 /* IMHome */ = {
			isa = PBXGroup;
			children = (
				18457C2E292E026000C34991 /* YCIMHomeViewController.h */,
				18457C2F292E026000C34991 /* YCIMHomeViewController.m */,
			);
			path = IMHome;
			sourceTree = "<group>";
		};
		18457C32292E026000C34991 /* Navigation */ = {
			isa = PBXGroup;
			children = (
				18457C33292E026000C34991 /* YCTabbarController.h */,
				18457C34292E026000C34991 /* YCTabbarController.m */,
			);
			path = Navigation;
			sourceTree = "<group>";
		};
		18457C35292E026000C34991 /* Contact */ = {
			isa = PBXGroup;
			children = (
				18457C37292E026000C34991 /* YCContactViewController.h */,
				18457C36292E026000C34991 /* YCContactViewController.m */,
			);
			path = Contact;
			sourceTree = "<group>";
		};
		18457C38292E026100C34991 /* Core */ = {
			isa = PBXGroup;
			children = (
				18457C46292E026100C34991 /* Base */,
				18C49843292F00C200574E1B /* Contact */,
				18457C74292E075600C34991 /* Conversation */,
				18457C41292E026100C34991 /* Extension */,
				18457C39292E026100C34991 /* Pop */,
				18457C3E292E026100C34991 /* YIMManager */,
				18457C44292E026100C34991 /* YIMImage.h */,
				18457C45292E026100C34991 /* YIMImage.m */,
			);
			path = Core;
			sourceTree = "<group>";
		};
		18457C39292E026100C34991 /* Pop */ = {
			isa = PBXGroup;
			children = (
				18457C3D292E026100C34991 /* YIMPopCell.h */,
				18457C3B292E026100C34991 /* YIMPopCell.m */,
				18457C3C292E026100C34991 /* YIMPopMenuView.h */,
				18457C3A292E026100C34991 /* YIMPopMenuView.m */,
			);
			path = Pop;
			sourceTree = "<group>";
		};
		18457C3E292E026100C34991 /* YIMManager */ = {
			isa = PBXGroup;
			children = (
				18457C3F292E026100C34991 /* YIMManager.h */,
				18457C40292E026100C34991 /* YIMManager.m */,
			);
			path = YIMManager;
			sourceTree = "<group>";
		};
		18457C41292E026100C34991 /* Extension */ = {
			isa = PBXGroup;
			children = (
				18457C42292E026100C34991 /* UIButton+YIM.h */,
				18457C43292E026100C34991 /* UIButton+YIM.m */,
			);
			path = Extension;
			sourceTree = "<group>";
		};
		18457C46292E026100C34991 /* Base */ = {
			isa = PBXGroup;
			children = (
				18457C48292E026100C34991 /* YIMNavigationController.h */,
				18457C49292E026100C34991 /* YIMNavigationController.m */,
			);
			path = Base;
			sourceTree = "<group>";
		};
		18457C4B292E026100C34991 /* Message */ = {
			isa = PBXGroup;
			children = (
				18457C50292E026100C34991 /* YCMessageViewController.h */,
				18457C4E292E026100C34991 /* YCMessageViewController.m */,
			);
			path = Message;
			sourceTree = "<group>";
		};
		18457C52292E026100C34991 /* FriendDynamics */ = {
			isa = PBXGroup;
			children = (
				18457C54292E026100C34991 /* YCFriendDynamicsViewController.h */,
				18457C53292E026100C34991 /* YCFriendDynamicsViewController.m */,
			);
			path = FriendDynamics;
			sourceTree = "<group>";
		};
		18457C55292E026100C34991 /* Resource */ = {
			isa = PBXGroup;
			children = (
				18F9EAEE2930BF9300BF43FC /* TUIContactCustomTheme.bundle */,
				18457C56292E026100C34991 /* TUIChatCustomTheme.bundle */,
				18457C57292E026100C34991 /* TUIConversationCustomTheme.bundle */,
				18457C58292E026100C34991 /* TUICoreCustomTheme.bundle */,
				18457C59292E026100C34991 /* TUIDemo.bundle */,
				18457C5A292E026100C34991 /* TUIDemoTheme.bundle */,
			);
			path = Resource;
			sourceTree = "<group>";
		};
		18457C5B292E026100C34991 /* Login */ = {
			isa = PBXGroup;
			children = (
				18457C5C292E026100C34991 /* YCLoginViewController.m */,
				18457C5D292E026100C34991 /* YCLoginViewController.h */,
			);
			path = Login;
			sourceTree = "<group>";
		};
		18457C74292E075600C34991 /* Conversation */ = {
			isa = PBXGroup;
			children = (
				18457C51292E026100C34991 /* YIMConversationFoldListViewController.h */,
				18457C4D292E026100C34991 /* YIMConversationFoldListViewController.m */,
				18457C4F292E026100C34991 /* YIMConversationListController.h */,
				18457C4C292E026100C34991 /* YIMConversationListController.m */,
			);
			path = Conversation;
			sourceTree = "<group>";
		};
		1891138629349EC7008B4D7F /* Demo */ = {
			isa = PBXGroup;
			children = (
				18457C2D292E026000C34991 /* IMHome */,
				18457C32292E026000C34991 /* Navigation */,
			);
			path = Demo;
			sourceTree = "<group>";
		};
		189113872934A22B008B4D7F /* Chat */ = {
			isa = PBXGroup;
			children = (
				189113902934B66F008B4D7F /* YCServiceNotifacationViewController.h */,
				189113912934B66F008B4D7F /* YCServiceNotifacationViewController.m */,
			);
			path = Chat;
			sourceTree = "<group>";
		};
		189113892934A311008B4D7F /* Base */ = {
			isa = PBXGroup;
			children = (
				18457C47292E026100C34991 /* YIMBaseViewController.h */,
				18457C4A292E026100C34991 /* YIMBaseViewController.m */,
			);
			path = Base;
			sourceTree = "<group>";
		};
		189113932934B962008B4D7F /* Controller */ = {
			isa = PBXGroup;
			children = (
				189113952934B98D008B4D7F /* YCCreateShareLocationViewController.h */,
				189113962934B98D008B4D7F /* YCCreateShareLocationViewController.m */,
				189113982934E09C008B4D7F /* YCTemporaryConversationViewController.h */,
				189113992934E09C008B4D7F /* YCTemporaryConversationViewController.m */,
			);
			path = Controller;
			sourceTree = "<group>";
		};
		18C49843292F00C200574E1B /* Contact */ = {
			isa = PBXGroup;
			children = (
				18C49844292F00FA00574E1B /* YIMContactController.h */,
				18C49845292F00FA00574E1B /* YIMContactController.m */,
			);
			path = Contact;
			sourceTree = "<group>";
		};
		41A0FF210E87F34F46CD2CCA /* Pods */ = {
			isa = PBXGroup;
			children = (
				372E9D467C0B246A9C31135D /* Pods-YCIMModule_Example.debug.xcconfig */,
				C4A281E2E4EE70BFE30A5C68 /* Pods-YCIMModule_Example.release.xcconfig */,
				5EBEFEB10143A18532EDDAEE /* Pods-YCIMModule_Tests.debug.xcconfig */,
				996C753C824EB05855EDDFC5 /* Pods-YCIMModule_Tests.release.xcconfig */,
			);
			path = Pods;
			sourceTree = "<group>";
		};
		6003F581195388D10070C39A = {
			isa = PBXGroup;
			children = (
				18457C73292E044800C34991 /* YCIMModule_Example.entitlements */,
				60FF7A9C1954A5C5007DD14C /* Podspec Metadata */,
				6003F593195388D20070C39A /* Example for YCIMModule */,
				6003F5B5195388D20070C39A /* Tests */,
				6003F58C195388D20070C39A /* Frameworks */,
				6003F58B195388D20070C39A /* Products */,
				41A0FF210E87F34F46CD2CCA /* Pods */,
			);
			sourceTree = "<group>";
		};
		6003F58B195388D20070C39A /* Products */ = {
			isa = PBXGroup;
			children = (
				6003F58A195388D20070C39A /* YCIMModule_Example.app */,
				6003F5AE195388D20070C39A /* YCIMModule_Tests.xctest */,
			);
			name = Products;
			sourceTree = "<group>";
		};
		6003F58C195388D20070C39A /* Frameworks */ = {
			isa = PBXGroup;
			children = (
				6003F58D195388D20070C39A /* Foundation.framework */,
				6003F58F195388D20070C39A /* CoreGraphics.framework */,
				6003F591195388D20070C39A /* UIKit.framework */,
				6003F5AF195388D20070C39A /* XCTest.framework */,
				A24B4681AD8EACF4B32A77B0 /* Pods_YCIMModule_Example.framework */,
				D4E6AF0FA224F91138D3827D /* Pods_YCIMModule_Tests.framework */,
			);
			name = Frameworks;
			sourceTree = "<group>";
		};
		6003F593195388D20070C39A /* Example for YCIMModule */ = {
			isa = PBXGroup;
			children = (
				1891138629349EC7008B4D7F /* Demo */,
				18457C2C292E026000C34991 /* OneCar */,
				18457C38292E026100C34991 /* Core */,
				18457C55292E026100C34991 /* Resource */,
				6003F59C195388D20070C39A /* YCAppDelegate.h */,
				6003F59D195388D20070C39A /* YCAppDelegate.m */,
				71719F9D1E33DC2100824A3D /* LaunchScreen.storyboard */,
				6003F5A8195388D20070C39A /* Images.xcassets */,
				6003F594195388D20070C39A /* Supporting Files */,
			);
			name = "Example for YCIMModule";
			path = YCIMModule;
			sourceTree = "<group>";
		};
		6003F594195388D20070C39A /* Supporting Files */ = {
			isa = PBXGroup;
			children = (
				6003F595195388D20070C39A /* YCIMModule-Info.plist */,
				6003F596195388D20070C39A /* InfoPlist.strings */,
				6003F599195388D20070C39A /* main.m */,
				6003F59B195388D20070C39A /* YCIMModule-Prefix.pch */,
			);
			name = "Supporting Files";
			sourceTree = "<group>";
		};
		6003F5B5195388D20070C39A /* Tests */ = {
			isa = PBXGroup;
			children = (
				6003F5BB195388D20070C39A /* Tests.m */,
				6003F5B6195388D20070C39A /* Supporting Files */,
			);
			path = Tests;
			sourceTree = "<group>";
		};
		6003F5B6195388D20070C39A /* Supporting Files */ = {
			isa = PBXGroup;
			children = (
				6003F5B7195388D20070C39A /* Tests-Info.plist */,
				6003F5B8195388D20070C39A /* InfoPlist.strings */,
				606FC2411953D9B200FFA9A0 /* Tests-Prefix.pch */,
			);
			name = "Supporting Files";
			sourceTree = "<group>";
		};
		60FF7A9C1954A5C5007DD14C /* Podspec Metadata */ = {
			isa = PBXGroup;
			children = (
				765A89ADDB61DB9734B29AE2 /* YCIMModule.podspec */,
				11DF042EB01A993A9333AD2E /* README.md */,
				0BEF27B23A0B4CA0340E2398 /* LICENSE */,
			);
			name = "Podspec Metadata";
			sourceTree = "<group>";
		};
/* End PBXGroup section */

/* Begin PBXNativeTarget section */
		6003F589195388D20070C39A /* YCIMModule_Example */ = {
			isa = PBXNativeTarget;
			buildConfigurationList = 6003F5BF195388D20070C39A /* Build configuration list for PBXNativeTarget "YCIMModule_Example" */;
			buildPhases = (
				1E92911BB00BD4585308BFEE /* [CP] Check Pods Manifest.lock */,
				6003F586195388D20070C39A /* Sources */,
				6003F587195388D20070C39A /* Frameworks */,
				6003F588195388D20070C39A /* Resources */,
				DA93FB6698DC8420498A612C /* [CP] Embed Pods Frameworks */,
				BF664303C042649B3F6C60C9 /* [CP] Copy Pods Resources */,
			);
			buildRules = (
			);
			dependencies = (
			);
			name = YCIMModule_Example;
			productName = YCIMModule;
			productReference = 6003F58A195388D20070C39A /* YCIMModule_Example.app */;
			productType = "com.apple.product-type.application";
		};
		6003F5AD195388D20070C39A /* YCIMModule_Tests */ = {
			isa = PBXNativeTarget;
			buildConfigurationList = 6003F5C2195388D20070C39A /* Build configuration list for PBXNativeTarget "YCIMModule_Tests" */;
			buildPhases = (
				2349B24791A4BC8E4394B426 /* [CP] Check Pods Manifest.lock */,
				6003F5AA195388D20070C39A /* Sources */,
				6003F5AB195388D20070C39A /* Frameworks */,
				6003F5AC195388D20070C39A /* Resources */,
			);
			buildRules = (
			);
			dependencies = (
				6003F5B4195388D20070C39A /* PBXTargetDependency */,
			);
			name = YCIMModule_Tests;
			productName = YCIMModuleTests;
			productReference = 6003F5AE195388D20070C39A /* YCIMModule_Tests.xctest */;
			productType = "com.apple.product-type.bundle.unit-test";
		};
/* End PBXNativeTarget section */

/* Begin PBXProject section */
		6003F582195388D10070C39A /* Project object */ = {
			isa = PBXProject;
			attributes = {
				CLASSPREFIX = YIM;
				LastUpgradeCheck = 0720;
				ORGANIZATIONNAME = YRYC;
				TargetAttributes = {
					6003F589195388D20070C39A = {
						DevelopmentTeam = M7JHU9MQ3L;
					};
					6003F5AD195388D20070C39A = {
						TestTargetID = 6003F589195388D20070C39A;
					};
				};
			};
			buildConfigurationList = 6003F585195388D10070C39A /* Build configuration list for PBXProject "YCIMModule" */;
			compatibilityVersion = "Xcode 3.2";
			developmentRegion = English;
			hasScannedForEncodings = 0;
			knownRegions = (
				English,
				en,
				Base,
			);
			mainGroup = 6003F581195388D10070C39A;
			productRefGroup = 6003F58B195388D20070C39A /* Products */;
			projectDirPath = "";
			projectRoot = "";
			targets = (
				6003F589195388D20070C39A /* YCIMModule_Example */,
				6003F5AD195388D20070C39A /* YCIMModule_Tests */,
			);
		};
/* End PBXProject section */

/* Begin PBXResourcesBuildPhase section */
		6003F588195388D20070C39A /* Resources */ = {
			isa = PBXResourcesBuildPhase;
			buildActionMask = 2147483647;
			files = (
				18457C6F292E026100C34991 /* TUICoreCustomTheme.bundle in Resources */,
				18457C70292E026100C34991 /* TUIDemo.bundle in Resources */,
				71719F9F1E33DC2100824A3D /* LaunchScreen.storyboard in Resources */,
				18457C6D292E026100C34991 /* TUIChatCustomTheme.bundle in Resources */,
				18F9EAEF2930BF9300BF43FC /* TUIContactCustomTheme.bundle in Resources */,
				18457C6E292E026100C34991 /* TUIConversationCustomTheme.bundle in Resources */,
				18457C71292E026100C34991 /* TUIDemoTheme.bundle in Resources */,
				6003F5A9195388D20070C39A /* Images.xcassets in Resources */,
				6003F598195388D20070C39A /* InfoPlist.strings in Resources */,
			);
			runOnlyForDeploymentPostprocessing = 0;
		};
		6003F5AC195388D20070C39A /* Resources */ = {
			isa = PBXResourcesBuildPhase;
			buildActionMask = 2147483647;
			files = (
				6003F5BA195388D20070C39A /* InfoPlist.strings in Resources */,
			);
			runOnlyForDeploymentPostprocessing = 0;
		};
/* End PBXResourcesBuildPhase section */

/* Begin PBXShellScriptBuildPhase section */
		1E92911BB00BD4585308BFEE /* [CP] Check Pods Manifest.lock */ = {
			isa = PBXShellScriptBuildPhase;
			buildActionMask = 2147483647;
			files = (
			);
			inputFileListPaths = (
			);
			inputPaths = (
				"${PODS_PODFILE_DIR_PATH}/Podfile.lock",
				"${PODS_ROOT}/Manifest.lock",
			);
			name = "[CP] Check Pods Manifest.lock";
			outputFileListPaths = (
			);
			outputPaths = (
				"$(DERIVED_FILE_DIR)/Pods-YCIMModule_Example-checkManifestLockResult.txt",
			);
			runOnlyForDeploymentPostprocessing = 0;
			shellPath = /bin/sh;
			shellScript = "diff \"${PODS_PODFILE_DIR_PATH}/Podfile.lock\" \"${PODS_ROOT}/Manifest.lock\" > /dev/null\nif [ $? != 0 ] ; then\n    # print error to STDERR\n    echo \"error: The sandbox is not in sync with the Podfile.lock. Run 'pod install' or update your CocoaPods installation.\" >&2\n    exit 1\nfi\n# This output is used by Xcode 'outputs' to avoid re-running this script phase.\necho \"SUCCESS\" > \"${SCRIPT_OUTPUT_FILE_0}\"\n";
			showEnvVarsInLog = 0;
		};
		2349B24791A4BC8E4394B426 /* [CP] Check Pods Manifest.lock */ = {
			isa = PBXShellScriptBuildPhase;
			buildActionMask = 2147483647;
			files = (
			);
			inputFileListPaths = (
			);
			inputPaths = (
				"${PODS_PODFILE_DIR_PATH}/Podfile.lock",
				"${PODS_ROOT}/Manifest.lock",
			);
			name = "[CP] Check Pods Manifest.lock";
			outputFileListPaths = (
			);
			outputPaths = (
				"$(DERIVED_FILE_DIR)/Pods-YCIMModule_Tests-checkManifestLockResult.txt",
			);
			runOnlyForDeploymentPostprocessing = 0;
			shellPath = /bin/sh;
			shellScript = "diff \"${PODS_PODFILE_DIR_PATH}/Podfile.lock\" \"${PODS_ROOT}/Manifest.lock\" > /dev/null\nif [ $? != 0 ] ; then\n    # print error to STDERR\n    echo \"error: The sandbox is not in sync with the Podfile.lock. Run 'pod install' or update your CocoaPods installation.\" >&2\n    exit 1\nfi\n# This output is used by Xcode 'outputs' to avoid re-running this script phase.\necho \"SUCCESS\" > \"${SCRIPT_OUTPUT_FILE_0}\"\n";
			showEnvVarsInLog = 0;
		};
		BF664303C042649B3F6C60C9 /* [CP] Copy Pods Resources */ = {
			isa = PBXShellScriptBuildPhase;
			buildActionMask = 2147483647;
			files = (
			);
			inputPaths = (
				"${PODS_ROOT}/Target Support Files/Pods-YCIMModule_Example/Pods-YCIMModule_Example-resources.sh",
				"${PODS_ROOT}/TUIChat/TUIChat/Resources/TUIChat.bundle",
				"${PODS_ROOT}/TUIChat/TUIChat/Resources/TUIChatFace.bundle",
				"${PODS_ROOT}/TUIChat/TUIChat/Resources/TUIChatTheme.bundle",
				"${PODS_ROOT}/TUIContact/TUIContact/Resources/TUIContact.bundle",
				"${PODS_ROOT}/TUIContact/TUIContact/Resources/TUIContactTheme.bundle",
				"${PODS_ROOT}/TUIConversation/TUIConversation/Resources/TUIConversation.bundle",
				"${PODS_ROOT}/TUIConversation/TUIConversation/Resources/TUIConversationTheme.bundle",
				"${PODS_ROOT}/TUICore/TUICore/Resources/TUICore.bundle",
				"${PODS_ROOT}/TUICore/TUICore/Resources/TUICoreTheme.bundle",
				"${PODS_ROOT}/TUICore/TUICore/Resources/TUIKitLocalizable.bundle",
				"${PODS_ROOT}/TUIGroup/TUIGroup/Resources/TUIGroup.bundle",
				"${PODS_ROOT}/TUIGroup/TUIGroup/Resources/TUIGroupTheme.bundle",
			);
			name = "[CP] Copy Pods Resources";
			outputPaths = (
				"${TARGET_BUILD_DIR}/${UNLOCALIZED_RESOURCES_FOLDER_PATH}/TUIChat.bundle",
				"${TARGET_BUILD_DIR}/${UNLOCALIZED_RESOURCES_FOLDER_PATH}/TUIChatFace.bundle",
				"${TARGET_BUILD_DIR}/${UNLOCALIZED_RESOURCES_FOLDER_PATH}/TUIChatTheme.bundle",
				"${TARGET_BUILD_DIR}/${UNLOCALIZED_RESOURCES_FOLDER_PATH}/TUIContact.bundle",
				"${TARGET_BUILD_DIR}/${UNLOCALIZED_RESOURCES_FOLDER_PATH}/TUIContactTheme.bundle",
				"${TARGET_BUILD_DIR}/${UNLOCALIZED_RESOURCES_FOLDER_PATH}/TUIConversation.bundle",
				"${TARGET_BUILD_DIR}/${UNLOCALIZED_RESOURCES_FOLDER_PATH}/TUIConversationTheme.bundle",
				"${TARGET_BUILD_DIR}/${UNLOCALIZED_RESOURCES_FOLDER_PATH}/TUICore.bundle",
				"${TARGET_BUILD_DIR}/${UNLOCALIZED_RESOURCES_FOLDER_PATH}/TUICoreTheme.bundle",
				"${TARGET_BUILD_DIR}/${UNLOCALIZED_RESOURCES_FOLDER_PATH}/TUIKitLocalizable.bundle",
				"${TARGET_BUILD_DIR}/${UNLOCALIZED_RESOURCES_FOLDER_PATH}/TUIGroup.bundle",
				"${TARGET_BUILD_DIR}/${UNLOCALIZED_RESOURCES_FOLDER_PATH}/TUIGroupTheme.bundle",
			);
			runOnlyForDeploymentPostprocessing = 0;
			shellPath = /bin/sh;
			shellScript = "\"${PODS_ROOT}/Target Support Files/Pods-YCIMModule_Example/Pods-YCIMModule_Example-resources.sh\"\n";
			showEnvVarsInLog = 0;
		};
		DA93FB6698DC8420498A612C /* [CP] Embed Pods Frameworks */ = {
			isa = PBXShellScriptBuildPhase;
			buildActionMask = 2147483647;
			files = (
			);
			inputPaths = (
				"${PODS_ROOT}/Target Support Files/Pods-YCIMModule_Example/Pods-YCIMModule_Example-frameworks.sh",
				"${PODS_ROOT}/TXIMSDK_Plus_iOS/ImSDK_Plus.framework",
			);
			name = "[CP] Embed Pods Frameworks";
			outputPaths = (
				"${TARGET_BUILD_DIR}/${FRAMEWORKS_FOLDER_PATH}/ImSDK_Plus.framework",
			);
			runOnlyForDeploymentPostprocessing = 0;
			shellPath = /bin/sh;
			shellScript = "\"${PODS_ROOT}/Target Support Files/Pods-YCIMModule_Example/Pods-YCIMModule_Example-frameworks.sh\"\n";
			showEnvVarsInLog = 0;
		};
/* End PBXShellScriptBuildPhase section */

/* Begin PBXSourcesBuildPhase section */
		6003F586195388D20070C39A /* Sources */ = {
			isa = PBXSourcesBuildPhase;
			buildActionMask = 2147483647;
			files = (
				18457C65292E026100C34991 /* UIButton+YIM.m in Sources */,
				18457C69292E026100C34991 /* YIMConversationListController.m in Sources */,
				18457C63292E026100C34991 /* YIMPopCell.m in Sources */,
				18457C6B292E026100C34991 /* YCMessageViewController.m in Sources */,
				18457C68292E026100C34991 /* YIMBaseViewController.m in Sources */,
				18457C72292E026100C34991 /* YCLoginViewController.m in Sources */,
				18457C62292E026100C34991 /* YIMPopMenuView.m in Sources */,
				1891139A2934E09C008B4D7F /* YCTemporaryConversationViewController.m in Sources */,
				189113972934B98D008B4D7F /* YCCreateShareLocationViewController.m in Sources */,
				18457C61292E026100C34991 /* YCContactViewController.m in Sources */,
				18457C60292E026100C34991 /* YCTabbarController.m in Sources */,
				18457C6A292E026100C34991 /* YIMConversationFoldListViewController.m in Sources */,
				18457C5E292E026100C34991 /* YCIMHomeViewController.m in Sources */,
				6003F59E195388D20070C39A /* YCAppDelegate.m in Sources */,
				6003F59A195388D20070C39A /* main.m in Sources */,
				189113922934B66F008B4D7F /* YCServiceNotifacationViewController.m in Sources */,
				18457C64292E026100C34991 /* YIMManager.m in Sources */,
				18457C67292E026100C34991 /* YIMNavigationController.m in Sources */,
				18457C6C292E026100C34991 /* YCFriendDynamicsViewController.m in Sources */,
				18C49846292F00FA00574E1B /* YIMContactController.m in Sources */,
				18457C66292E026100C34991 /* YIMImage.m in Sources */,
			);
			runOnlyForDeploymentPostprocessing = 0;
		};
		6003F5AA195388D20070C39A /* Sources */ = {
			isa = PBXSourcesBuildPhase;
			buildActionMask = 2147483647;
			files = (
				6003F5BC195388D20070C39A /* Tests.m in Sources */,
			);
			runOnlyForDeploymentPostprocessing = 0;
		};
/* End PBXSourcesBuildPhase section */

/* Begin PBXTargetDependency section */
		6003F5B4195388D20070C39A /* PBXTargetDependency */ = {
			isa = PBXTargetDependency;
			target = 6003F589195388D20070C39A /* YCIMModule_Example */;
			targetProxy = 6003F5B3195388D20070C39A /* PBXContainerItemProxy */;
		};
/* End PBXTargetDependency section */

/* Begin PBXVariantGroup section */
		6003F596195388D20070C39A /* InfoPlist.strings */ = {
			isa = PBXVariantGroup;
			children = (
				6003F597195388D20070C39A /* en */,
			);
			name = InfoPlist.strings;
			sourceTree = "<group>";
		};
		6003F5B8195388D20070C39A /* InfoPlist.strings */ = {
			isa = PBXVariantGroup;
			children = (
				6003F5B9195388D20070C39A /* en */,
			);
			name = InfoPlist.strings;
			sourceTree = "<group>";
		};
		71719F9D1E33DC2100824A3D /* LaunchScreen.storyboard */ = {
			isa = PBXVariantGroup;
			children = (
				71719F9E1E33DC2100824A3D /* Base */,
			);
			name = LaunchScreen.storyboard;
			sourceTree = "<group>";
		};
/* End PBXVariantGroup section */

/* Begin XCBuildConfiguration section */
		6003F5BD195388D20070C39A /* Debug */ = {
			isa = XCBuildConfiguration;
			buildSettings = {
				ALWAYS_SEARCH_USER_PATHS = NO;
				CLANG_CXX_LANGUAGE_STANDARD = "gnu++0x";
				CLANG_CXX_LIBRARY = "libc++";
				CLANG_ENABLE_MODULES = YES;
				CLANG_ENABLE_OBJC_ARC = YES;
				CLANG_WARN_BOOL_CONVERSION = YES;
				CLANG_WARN_CONSTANT_CONVERSION = YES;
				CLANG_WARN_DIRECT_OBJC_ISA_USAGE = YES_ERROR;
				CLANG_WARN_EMPTY_BODY = YES;
				CLANG_WARN_ENUM_CONVERSION = YES;
				CLANG_WARN_INT_CONVERSION = YES;
				CLANG_WARN_OBJC_ROOT_CLASS = YES_ERROR;
				CLANG_WARN__DUPLICATE_METHOD_MATCH = YES;
				"CODE_SIGN_IDENTITY[sdk=iphoneos*]" = "iPhone Developer";
				COPY_PHASE_STRIP = NO;
				ENABLE_TESTABILITY = YES;
				GCC_C_LANGUAGE_STANDARD = gnu99;
				GCC_DYNAMIC_NO_PIC = NO;
				GCC_OPTIMIZATION_LEVEL = 0;
				GCC_PREPROCESSOR_DEFINITIONS = (
					"DEBUG=1",
					"$(inherited)",
				);
				GCC_SYMBOLS_PRIVATE_EXTERN = NO;
				GCC_WARN_64_TO_32_BIT_CONVERSION = YES;
				GCC_WARN_ABOUT_RETURN_TYPE = YES_ERROR;
				GCC_WARN_UNDECLARED_SELECTOR = YES;
				GCC_WARN_UNINITIALIZED_AUTOS = YES_AGGRESSIVE;
				GCC_WARN_UNUSED_FUNCTION = YES;
				GCC_WARN_UNUSED_VARIABLE = YES;
				IPHONEOS_DEPLOYMENT_TARGET = 9.3;
				ONLY_ACTIVE_ARCH = YES;
				SDKROOT = iphoneos;
				TARGETED_DEVICE_FAMILY = "1,2";
			};
			name = Debug;
		};
		6003F5BE195388D20070C39A /* Release */ = {
			isa = XCBuildConfiguration;
			buildSettings = {
				ALWAYS_SEARCH_USER_PATHS = NO;
				CLANG_CXX_LANGUAGE_STANDARD = "gnu++0x";
				CLANG_CXX_LIBRARY = "libc++";
				CLANG_ENABLE_MODULES = YES;
				CLANG_ENABLE_OBJC_ARC = YES;
				CLANG_WARN_BOOL_CONVERSION = YES;
				CLANG_WARN_CONSTANT_CONVERSION = YES;
				CLANG_WARN_DIRECT_OBJC_ISA_USAGE = YES_ERROR;
				CLANG_WARN_EMPTY_BODY = YES;
				CLANG_WARN_ENUM_CONVERSION = YES;
				CLANG_WARN_INT_CONVERSION = YES;
				CLANG_WARN_OBJC_ROOT_CLASS = YES_ERROR;
				CLANG_WARN__DUPLICATE_METHOD_MATCH = YES;
				"CODE_SIGN_IDENTITY[sdk=iphoneos*]" = "iPhone Developer";
				COPY_PHASE_STRIP = YES;
				ENABLE_NS_ASSERTIONS = NO;
				GCC_C_LANGUAGE_STANDARD = gnu99;
				GCC_WARN_64_TO_32_BIT_CONVERSION = YES;
				GCC_WARN_ABOUT_RETURN_TYPE = YES_ERROR;
				GCC_WARN_UNDECLARED_SELECTOR = YES;
				GCC_WARN_UNINITIALIZED_AUTOS = YES_AGGRESSIVE;
				GCC_WARN_UNUSED_FUNCTION = YES;
				GCC_WARN_UNUSED_VARIABLE = YES;
				IPHONEOS_DEPLOYMENT_TARGET = 9.3;
				SDKROOT = iphoneos;
				TARGETED_DEVICE_FAMILY = "1,2";
				VALIDATE_PRODUCT = YES;
			};
			name = Release;
		};
		6003F5C0195388D20070C39A /* Debug */ = {
			isa = XCBuildConfiguration;
			baseConfigurationReference = 372E9D467C0B246A9C31135D /* Pods-YCIMModule_Example.debug.xcconfig */;
			buildSettings = {
				ASSETCATALOG_COMPILER_APPICON_NAME = AppIcon;
				CODE_SIGN_ENTITLEMENTS = YCIMModule_Example.entitlements;
				DEVELOPMENT_TEAM = M7JHU9MQ3L;
				GCC_PRECOMPILE_PREFIX_HEADER = YES;
				GCC_PREFIX_HEADER = "YCIMModule/YCIMModule-Prefix.pch";
				INFOPLIST_FILE = "YCIMModule/YCIMModule-Info.plist";
				INFOPLIST_KEY_CFBundleDisplayName = "${PRODUCT_NAME}";
				INFOPLIST_KEY_NSCameraUsageDescription = "Privacy - Camera Usage Description";
				INFOPLIST_KEY_UILaunchStoryboardName = LaunchScreen;
				INFOPLIST_KEY_UIRequiredDeviceCapabilities = armv7;
				INFOPLIST_KEY_UISupportedInterfaceOrientations = "UIInterfaceOrientationPortrait UIInterfaceOrientationLandscapeLeft UIInterfaceOrientationLandscapeRight";
				INFOPLIST_KEY_UISupportedInterfaceOrientations_iPad = "UIInterfaceOrientationPortrait UIInterfaceOrientationPortraitUpsideDown UIInterfaceOrientationLandscapeLeft UIInterfaceOrientationLandscapeRight";
				IPHONEOS_DEPLOYMENT_TARGET = 11.0;
				MODULE_NAME = ExampleApp;
				PRODUCT_BUNDLE_IDENTIFIER = com.yiche.onecar.onestore;
				PRODUCT_NAME = "$(TARGET_NAME)";
				SWIFT_VERSION = 4.0;
				WRAPPER_EXTENSION = app;
			};
			name = Debug;
		};
		6003F5C1195388D20070C39A /* Release */ = {
			isa = XCBuildConfiguration;
			baseConfigurationReference = C4A281E2E4EE70BFE30A5C68 /* Pods-YCIMModule_Example.release.xcconfig */;
			buildSettings = {
				ASSETCATALOG_COMPILER_APPICON_NAME = AppIcon;
				CODE_SIGN_ENTITLEMENTS = YCIMModule_Example.entitlements;
				DEVELOPMENT_TEAM = M7JHU9MQ3L;
				GCC_PRECOMPILE_PREFIX_HEADER = YES;
				GCC_PREFIX_HEADER = "YCIMModule/YCIMModule-Prefix.pch";
				INFOPLIST_FILE = "YCIMModule/YCIMModule-Info.plist";
				INFOPLIST_KEY_CFBundleDisplayName = "${PRODUCT_NAME}";
				INFOPLIST_KEY_NSCameraUsageDescription = "Privacy - Camera Usage Description";
				INFOPLIST_KEY_UILaunchStoryboardName = LaunchScreen;
				INFOPLIST_KEY_UIRequiredDeviceCapabilities = armv7;
				INFOPLIST_KEY_UISupportedInterfaceOrientations = "UIInterfaceOrientationPortrait UIInterfaceOrientationLandscapeLeft UIInterfaceOrientationLandscapeRight";
				INFOPLIST_KEY_UISupportedInterfaceOrientations_iPad = "UIInterfaceOrientationPortrait UIInterfaceOrientationPortraitUpsideDown UIInterfaceOrientationLandscapeLeft UIInterfaceOrientationLandscapeRight";
				IPHONEOS_DEPLOYMENT_TARGET = 11.0;
				MODULE_NAME = ExampleApp;
				PRODUCT_BUNDLE_IDENTIFIER = com.yiche.onecar.onestore;
				PRODUCT_NAME = "$(TARGET_NAME)";
				SWIFT_VERSION = 4.0;
				WRAPPER_EXTENSION = app;
			};
			name = Release;
		};
		6003F5C3195388D20070C39A /* Debug */ = {
			isa = XCBuildConfiguration;
			baseConfigurationReference = 5EBEFEB10143A18532EDDAEE /* Pods-YCIMModule_Tests.debug.xcconfig */;
			buildSettings = {
				BUNDLE_LOADER = "$(TEST_HOST)";
				FRAMEWORK_SEARCH_PATHS = (
					"$(PLATFORM_DIR)/Developer/Library/Frameworks",
					"$(inherited)",
					"$(DEVELOPER_FRAMEWORKS_DIR)",
				);
				GCC_PRECOMPILE_PREFIX_HEADER = YES;
				GCC_PREFIX_HEADER = "Tests/Tests-Prefix.pch";
				GCC_PREPROCESSOR_DEFINITIONS = (
					"DEBUG=1",
					"$(inherited)",
				);
				INFOPLIST_FILE = "Tests/Tests-Info.plist";
				PRODUCT_BUNDLE_IDENTIFIER = "org.cocoapods.demo.${PRODUCT_NAME:rfc1034identifier}";
				PRODUCT_NAME = "$(TARGET_NAME)";
				SWIFT_VERSION = 4.0;
				TEST_HOST = "$(BUILT_PRODUCTS_DIR)/YCIMModule_Example.app/YCIMModule_Example";
				WRAPPER_EXTENSION = xctest;
			};
			name = Debug;
		};
		6003F5C4195388D20070C39A /* Release */ = {
			isa = XCBuildConfiguration;
			baseConfigurationReference = 996C753C824EB05855EDDFC5 /* Pods-YCIMModule_Tests.release.xcconfig */;
			buildSettings = {
				BUNDLE_LOADER = "$(TEST_HOST)";
				FRAMEWORK_SEARCH_PATHS = (
					"$(PLATFORM_DIR)/Developer/Library/Frameworks",
					"$(inherited)",
					"$(DEVELOPER_FRAMEWORKS_DIR)",
				);
				GCC_PRECOMPILE_PREFIX_HEADER = YES;
				GCC_PREFIX_HEADER = "Tests/Tests-Prefix.pch";
				INFOPLIST_FILE = "Tests/Tests-Info.plist";
				PRODUCT_BUNDLE_IDENTIFIER = "org.cocoapods.demo.${PRODUCT_NAME:rfc1034identifier}";
				PRODUCT_NAME = "$(TARGET_NAME)";
				SWIFT_VERSION = 4.0;
				TEST_HOST = "$(BUILT_PRODUCTS_DIR)/YCIMModule_Example.app/YCIMModule_Example";
				WRAPPER_EXTENSION = xctest;
			};
			name = Release;
		};
/* End XCBuildConfiguration section */

/* Begin XCConfigurationList section */
		6003F585195388D10070C39A /* Build configuration list for PBXProject "YCIMModule" */ = {
			isa = XCConfigurationList;
			buildConfigurations = (
				6003F5BD195388D20070C39A /* Debug */,
				6003F5BE195388D20070C39A /* Release */,
			);
			defaultConfigurationIsVisible = 0;
			defaultConfigurationName = Release;
		};
		6003F5BF195388D20070C39A /* Build configuration list for PBXNativeTarget "YCIMModule_Example" */ = {
			isa = XCConfigurationList;
			buildConfigurations = (
				6003F5C0195388D20070C39A /* Debug */,
				6003F5C1195388D20070C39A /* Release */,
			);
			defaultConfigurationIsVisible = 0;
			defaultConfigurationName = Release;
		};
		6003F5C2195388D20070C39A /* Build configuration list for PBXNativeTarget "YCIMModule_Tests" */ = {
			isa = XCConfigurationList;
			buildConfigurations = (
				6003F5C3195388D20070C39A /* Debug */,
				6003F5C4195388D20070C39A /* Release */,
			);
			defaultConfigurationIsVisible = 0;
			defaultConfigurationName = Release;
		};
/* End XCConfigurationList section */
	};
	rootObject = 6003F582195388D10070C39A /* Project object */;
}
